# THIS IS AN AUTOGENERATED FILE. DO NOT EDIT THIS FILE DIRECTLY.
# yarn lockfile v1


"@types/node@^20.8.7":
  version "20.8.7"
  resolved "https://registry.npmjs.org/@types/node/-/node-20.8.7.tgz"
  integrity sha512-21TKHHh3eUHIi2MloeptJWALuCu5H7HQTdTrWIFReA8ad+aggoX+lRes3ex7/FtpC+sVUpFMQ+QTfYr74mruiQ==
  dependencies:
    undici-types "~5.25.1"

compromise@^14.10.0:
  version "14.10.0"
  resolved "https://registry.yarnpkg.com/compromise/-/compromise-14.10.0.tgz#832570faed00aee84c917131ac45e20e8162f9a6"
  integrity sha512-ViDNmO4N8xezb6NKYWUUcOckWE9tYEi5Yr2AYN2L5MaJCSMmwLRmgdajpN5u1snNOmg/RdJ37fONQ2+fd4UPfQ==
  dependencies:
    efrt "2.7.0"
    grad-school "0.0.5"
    suffix-thumb "5.0.2"

efrt@2.7.0:
  version "2.7.0"
  resolved "https://registry.yarnpkg.com/efrt/-/efrt-2.7.0.tgz#8b021e69f75cfeed3f81ee058aa0c78265793324"
  integrity sha512-/RInbCy1d4P6Zdfa+TMVsf/ufZVotat5hCw3QXmWtjU+3pFEOvOQ7ibo3aIxyCJw2leIeAMjmPj+1SLJiCpdrQ==

grad-school@0.0.5:
  version "0.0.5"
  resolved "https://registry.yarnpkg.com/grad-school/-/grad-school-0.0.5.tgz#9e7b2084f3e137965c19b63ef0dfe49867194f43"
  integrity sha512-rXunEHF9M9EkMydTBux7+IryYXEZinRk6g8OBOGDBzo/qWJjhTxy86i5q7lQYpCLHN8Sqv1XX3OIOc7ka2gtvQ==

suffix-thumb@5.0.2:
  version "5.0.2"
  resolved "https://registry.yarnpkg.com/suffix-thumb/-/suffix-thumb-5.0.2.tgz#b38940faddb3ae8b5fd281c7ec5830c25a6b2c9c"
  integrity sha512-I5PWXAFKx3FYnI9a+dQMWNqTxoRt6vdBdb0O+BJ1sxXCWtSoQCusc13E58f+9p4MYx/qCnEMkD5jac6K2j3dgA==

undici-types@~5.25.1:
  version "5.25.3"
  resolved "https://registry.npmjs.org/undici-types/-/undici-types-5.25.3.tgz"
  integrity sha512-Ga1jfYwRn7+cP9v8auvEXN1rX3sWqlayd4HP7OKk4mZWylEmu3KzXDUGrQUN6Ol7qo1gPvB2e5gX6udnyEPgdA==
